
Microsoft Visual Studio Solution File, Format Version 12.00
# Visual Studio Version 16
VisualStudioVersion = 16.0.31613.86
MinimumVisualStudioVersion = 10.0.40219.1
Project("{FAE04EC0-301F-11D3-BF4B-00C04F79EFBC}") = "EcommerceStore", "EcommerceStore.csproj", "{ECBE0D12-8DE7-45FB-98F5-29CAC755E299}"
EndProject
Global
	GlobalSection(SolutionConfigurationPlatforms) = preSolution
		Debug|Any CPU = Debug|Any CPU
		Release|Any CPU = Release|Any CPU
	EndGlobalSection
	GlobalSection(ProjectConfigurationPlatforms) = postSolution
		{ECBE0D12-8DE7-45FB-98F5-29CAC755E299}.Debug|Any CPU.ActiveCfg = Debug|Any CPU
		{ECBE0D12-8DE7-45FB-98F5-29CAC755E299}.Debug|Any CPU.Build.0 = Debug|Any CPU
		{ECBE0D12-8DE7-45FB-98F5-29CAC755E299}.Release|Any CPU.ActiveCfg = Release|Any CPU
		{ECBE0D12-8DE7-45FB-98F5-29CAC755E299}.Release|Any CPU.Build.0 = Release|Any CPU
	EndGlobalSection
	GlobalSection(SolutionProperties) = preSolution
		HideSolutionNode = FALSE
	EndGlobalSection
	GlobalSection(ExtensibilityGlobals) = postSolution
		SolutionGuid = {7047B12A-7706-4757-AB7D-52528DE17010}
	EndGlobalSection
EndGlobal
